<?xml version="1.0" encoding="utf-8"?>
<Project ToolsVersion="4.0" xmlns="http://schemas.microsoft.com/developer/msbuild/2003">
  <ItemGroup>
    <Filter Include="source">
      <UniqueIdentifier>{bcc9f540-3a7c-4503-9950-6a48afc5cc86}</UniqueIdentifier>
    </Filter>
    <Filter Include="source\xr">
      <UniqueIdentifier>{83545fe5-f15d-48ca-b722-5adac31d38c2}</UniqueIdentifier>
    </Filter>
  </ItemGroup>
  <ItemGroup>
    <ClCompile Include="..\xr\core.cpp">
      <Filter>source\xr</Filter>
    </ClCompile>
    <ClCompile Include="..\xr\mesh.cpp">
      <Filter>source\xr</Filter>
    </ClCompile>
    <ClCompile Include="..\xr\window.cpp">
      <Filter>source\xr</Filter>
    </ClCompile>
    <ClCompile Include="model_viewer.cpp">
      <Filter>source</Filter>
    </ClCompile>
    <ClCompile Include="..\xr\render_device_directx11.cpp">
      <Filter>source\xr</Filter>
    </ClCompile>
    <ClCompile Include="..\xr\string.cpp">
      <Filter>source\xr</Filter>
    </ClCompile>
    <ClCompile Include="..\xr\technique.cpp">
      <Filter>source\xr</Filter>
    </ClCompile>
    <ClCompile Include="..\xr\shader.cpp">
      <Filter>source\xr</Filter>
    </ClCompile>
    <ClCompile Include="..\xr\file.cpp">
      <Filter>source\xr</Filter>
    </ClCompile>
  </ItemGroup>
  <ItemGroup>
    <ClInclude Include="..\xr\core.h">
      <Filter>source\xr</Filter>
    </ClInclude>
    <ClInclude Include="..\xr\math.h">
      <Filter>source\xr</Filter>
    </ClInclude>
    <ClInclude Include="..\xr\mesh.h">
      <Filter>source\xr</Filter>
    </ClInclude>
    <ClInclude Include="..\xr\vector.h">
      <Filter>source\xr</Filter>
    </ClInclude>
    <ClInclude Include="..\xr\window.h">
      <Filter>source\xr</Filter>
    </ClInclude>
    <ClInclude Include="..\xr\render_device.h">
      <Filter>source\xr</Filter>
    </ClInclude>
    <ClInclude Include="..\xr\string.h">
      <Filter>source\xr</Filter>
    </ClInclude>
    <ClInclude Include="..\xr\technique.h">
      <Filter>source\xr</Filter>
    </ClInclude>
    <ClInclude Include="..\xr\hash.h">
      <Filter>source\xr</Filter>
    </ClInclude>
    <ClInclude Include="..\xr\material.h">
      <Filter>source\xr</Filter>
    </ClInclude>
    <ClInclude Include="..\xr\texture.h">
      <Filter>source\xr</Filter>
    </ClInclude>
    <ClInclude Include="..\xr\shader.h">
      <Filter>source\xr</Filter>
    </ClInclude>
    <ClInclude Include="..\xr\file.h">
      <Filter>source\xr</Filter>
    </ClInclude>
  </ItemGroup>
</Project>