<?xml version="1.0" encoding="utf-8"?>
<Project ToolsVersion="4.0" xmlns="http://schemas.microsoft.com/developer/msbuild/2003">
  <ItemGroup>
    <Filter Include="source">
      <UniqueIdentifier>{d494a679-34bd-4b7d-88f1-0d90c652c4e6}</UniqueIdentifier>
    </Filter>
    <Filter Include="source\xr">
      <UniqueIdentifier>{9b52b993-4b89-4ad3-916f-333681b3714c}</UniqueIdentifier>
    </Filter>
  </ItemGroup>
  <ItemGroup>
    <ClCompile Include="..\xr\core.cpp">
      <Filter>source\xr</Filter>
    </ClCompile>
    <ClCompile Include="..\xr\heightfield_simplifier.cpp">
      <Filter>source\xr</Filter>
    </ClCompile>
    <ClCompile Include="..\xr\mesh.cpp">
      <Filter>source\xr</Filter>
    </ClCompile>
    <ClCompile Include="terrain_generator.cpp">
      <Filter>source</Filter>
    </ClCompile>
    <ClCompile Include="heightfield.cpp">
      <Filter>source</Filter>
    </ClCompile>
  </ItemGroup>
  <ItemGroup>
    <ClInclude Include="..\xr\core.h">
      <Filter>source\xr</Filter>
    </ClInclude>
    <ClInclude Include="..\xr\heightfield_simplifier.h">
      <Filter>source\xr</Filter>
    </ClInclude>
    <ClInclude Include="..\xr\math.h">
      <Filter>source\xr</Filter>
    </ClInclude>
    <ClInclude Include="..\xr\mesh.h">
      <Filter>source\xr</Filter>
    </ClInclude>
    <ClInclude Include="..\xr\vector.h">
      <Filter>source\xr</Filter>
    </ClInclude>
    <ClInclude Include="heightfield.h">
      <Filter>source</Filter>
    </ClInclude>
  </ItemGroup>
</Project>